
Microsoft Visual Studio Solution File, Format Version 12.00
# Visual Studio Version 16
VisualStudioVersion = 16.0.30128.74
MinimumVisualStudioVersion = 10.0.40219.1
Project("{9092AA53-FB77-4645-B42D-1CCCA6BD08BD}") = "Assignment1portfoliosite", "Assignment1portfoliosite.njsproj", "{79C25D19-26C8-4ACB-BAF4-83A5BB1B6B2F}"
EndProject
Global
	GlobalSection(SolutionConfigurationPlatforms) = preSolution
		Debug|Any CPU = Debug|Any CPU
		Release|Any CPU = Release|Any CPU
	EndGlobalSection
	GlobalSection(ProjectConfigurationPlatforms) = postSolution
		{79C25D19-26C8-4ACB-BAF4-83A5BB1B6B2F}.Debug|Any CPU.ActiveCfg = Debug|Any CPU
		{79C25D19-26C8-4ACB-BAF4-83A5BB1B6B2F}.Debug|Any CPU.Build.0 = Debug|Any CPU
		{79C25D19-26C8-4ACB-BAF4-83A5BB1B6B2F}.Release|Any CPU.ActiveCfg = Release|Any CPU
		{79C25D19-26C8-4ACB-BAF4-83A5BB1B6B2F}.Release|Any CPU.Build.0 = Release|Any CPU
	EndGlobalSection
	GlobalSection(SolutionProperties) = preSolution
		HideSolutionNode = FALSE
	EndGlobalSection
	GlobalSection(ExtensibilityGlobals) = postSolution
		SolutionGuid = {33347A40-1A03-4AC6-8C22-6A63F2183C9C}
	EndGlobalSection
EndGlobal
